PODS:
  - ChikaCore (0.13):
    - ChikaCore/Error (= 0.13)
    - ChikaCore/Model (= 0.13)
    - ChikaCore/Model:Auth (= 0.13)
    - ChikaCore/Model:Store (= 0.13)
    - ChikaCore/Model:Unique (= 0.13)
    - ChikaCore/Result (= 0.13)
    - ChikaCore/Service (= 0.13)
    - ChikaCore/Service:Auth (= 0.13)
    - ChikaCore/Service:Listener (= 0.13)
    - ChikaCore/Service:Listener:Object (= 0.13)
    - ChikaCore/Service:Query (= 0.13)
    - ChikaCore/Service:Search (= 0.13)
    - ChikaCore/Service:Writer (= 0.13)
  - ChikaCore/Error (0.13)
  - ChikaCore/Model (0.13):
    - ChikaCore/Model:Auth
    - ChikaCore/Model:Store
    - ChikaCore/Model:Unique
  - ChikaCore/Model:Auth (0.13):
    - ChikaCore/Model:Unique
  - ChikaCore/Model:Store (0.13):
    - ChikaCore/Model:Unique
  - ChikaCore/Model:Unique (0.13)
  - ChikaCore/Result (0.13)
  - ChikaCore/Service (0.13):
    - ChikaCore/Service:Auth
    - ChikaCore/Service:Listener
    - ChikaCore/Service:Query
    - ChikaCore/Service:Search
    - ChikaCore/Service:Writer
  - ChikaCore/Service:Auth (0.13):
    - ChikaCore/Model:Auth
    - ChikaCore/Result
  - ChikaCore/Service:Listener (0.13):
    - ChikaCore/Result
    - ChikaCore/Service:Listener:Object
  - ChikaCore/Service:Listener:Object (0.13):
    - ChikaCore/Model:Store
  - ChikaCore/Service:Query (0.13):
    - ChikaCore/Model:Store
    - ChikaCore/Result
  - ChikaCore/Service:Search (0.13):
    - ChikaCore/Model:Store
    - ChikaCore/Result
  - ChikaCore/Service:Writer (0.13):
    - ChikaCore/Model:Store
    - ChikaCore/Result
  - FirebaseCommunity/Auth (0.1.6):
    - FirebaseCommunity/Core
    - GoogleToolboxForMac/NSDictionary+URLArguments (~> 2.1)
    - GTMSessionFetcher/Core (~> 1.1)
  - FirebaseCommunity/Core (0.1.6):
    - FirebaseCommunity/Root
    - GoogleToolboxForMac/NSData+zlib (~> 2.1)
  - FirebaseCommunity/Database (0.1.6):
    - FirebaseCommunity/Core
    - leveldb-library
  - FirebaseCommunity/Root (0.1.6)
  - GoogleToolboxForMac/DebugUtils (2.1.3):
    - GoogleToolboxForMac/Defines (= 2.1.3)
  - GoogleToolboxForMac/Defines (2.1.3)
  - GoogleToolboxForMac/NSData+zlib (2.1.3):
    - GoogleToolboxForMac/Defines (= 2.1.3)
  - GoogleToolboxForMac/NSDictionary+URLArguments (2.1.3):
    - GoogleToolboxForMac/DebugUtils (= 2.1.3)
    - GoogleToolboxForMac/Defines (= 2.1.3)
    - GoogleToolboxForMac/NSString+URLArguments (= 2.1.3)
  - GoogleToolboxForMac/NSString+URLArguments (2.1.3)
  - GTMSessionFetcher/Core (1.1.12)
  - leveldb-library (1.20)
  - TNExtensions/EmailValidator (0.3)

DEPENDENCIES:
  - ChikaCore
  - FirebaseCommunity/Auth
  - FirebaseCommunity/Database
  - TNExtensions/EmailValidator

SPEC CHECKSUMS:
  ChikaCore: a408f3bd3f15da652c4d4fa3da02f77838a9e7a5
  FirebaseCommunity: 1f9a0e48654316b4ffe4c830db0ce72b9e2d2c9d
  GoogleToolboxForMac: 2501e2ad72a52eb3dfe7bd9aee7dad11b858bd20
  GTMSessionFetcher: ebaa1f79a5366922c1735f1566901f50beba23b7
  leveldb-library: 08cba283675b7ed2d99629a4bc5fd052cd2bb6a5
  TNExtensions: efc8ec235b5a0218b941f5e82d2d90195ce8c659

PODFILE CHECKSUM: c6d1746716ab2f4f3ffd17f8898375e1309fe18a

COCOAPODS: 1.3.1
